
Microsoft Visual Studio Solution File, Format Version 12.00
# Visual Studio Version 17
VisualStudioVersion = 17.5.33516.290
MinimumVisualStudioVersion = 10.0.40219.1
Project("{9A19103F-16F7-4668-BE54-9A1E7A4F7556}") = "Emergent", "Emergent.csproj", "{A022680E-577F-43B1-8F9F-4B572E59C6D9}"
EndProject
Global
	GlobalSection(SolutionConfigurationPlatforms) = preSolution
		Debug|Any CPU = Debug|Any CPU
		ExportDebug|Any CPU = ExportDebug|Any CPU
		ExportRelease|Any CPU = ExportRelease|Any CPU
	EndGlobalSection
	GlobalSection(ProjectConfigurationPlatforms) = postSolution
		{A022680E-577F-43B1-8F9F-4B572E59C6D9}.Debug|Any CPU.ActiveCfg = Debug|Any CPU
		{A022680E-577F-43B1-8F9F-4B572E59C6D9}.Debug|Any CPU.Build.0 = Debug|Any CPU
		{A022680E-577F-43B1-8F9F-4B572E59C6D9}.ExportDebug|Any CPU.ActiveCfg = ExportDebug|Any CPU
		{A022680E-577F-43B1-8F9F-4B572E59C6D9}.ExportDebug|Any CPU.Build.0 = ExportDebug|Any CPU
		{A022680E-577F-43B1-8F9F-4B572E59C6D9}.ExportRelease|Any CPU.ActiveCfg = ExportRelease|Any CPU
		{A022680E-577F-43B1-8F9F-4B572E59C6D9}.ExportRelease|Any CPU.Build.0 = ExportRelease|Any CPU
	EndGlobalSection
	GlobalSection(SolutionProperties) = preSolution
		HideSolutionNode = FALSE
	EndGlobalSection
EndGlobal
